
Microsoft Visual Studio Solution File, Format Version 12.00
Project("{FAE04EC0-301F-11D3-BF4B-00C04F79EFBC}") = "task_02", "task_02\task_02.csproj", "{63A51A38-12F4-440C-B779-CC9F55FEB6A4}"
EndProject
Global
	GlobalSection(SolutionConfigurationPlatforms) = preSolution
		Debug|Any CPU = Debug|Any CPU
		Release|Any CPU = Release|Any CPU
	EndGlobalSection
	GlobalSection(ProjectConfigurationPlatforms) = postSolution
		{63A51A38-12F4-440C-B779-CC9F55FEB6A4}.Debug|Any CPU.ActiveCfg = Debug|Any CPU
		{63A51A38-12F4-440C-B779-CC9F55FEB6A4}.Debug|Any CPU.Build.0 = Debug|Any CPU
		{63A51A38-12F4-440C-B779-CC9F55FEB6A4}.Release|Any CPU.ActiveCfg = Release|Any CPU
		{63A51A38-12F4-440C-B779-CC9F55FEB6A4}.Release|Any CPU.Build.0 = Release|Any CPU
	EndGlobalSection
EndGlobal
